# THIS IS AN AUTOGENERATED FILE. DO NOT EDIT THIS FILE DIRECTLY.
# yarn lockfile v1


"-@^0.0.1":
  "integrity" "sha512-3HfneK3DGAm05fpyj20sT3apkNcvPpCuccOThOPdzz8sY7GgQGe0l93XH9bt+YzibcTIgUAIMoyVJI740RtgyQ=="
  "resolved" "https://registry.npmjs.org/-/-/--0.0.1.tgz"
  "version" "0.0.1"

"assertion-error@^1.0.1":
  "integrity" "sha512-jgsaNduz+ndvGyFt3uSuWqvy4lCnIJiovtouQN5JZHOKCS2QuhEdbcQHFhVksz2N2U9hXJo8odG7ETyWlEeuDw=="
  "resolved" "https://registry.yarnpkg.com/assertion-error/-/assertion-error-1.1.0.tgz"
  "version" "1.1.0"

"balanced-match@^1.0.0":
  "integrity" "sha1-ibTRmasr7kneFk6gK4nORi1xt2c="
  "resolved" "https://registry.yarnpkg.com/balanced-match/-/balanced-match-1.0.0.tgz"
  "version" "1.0.0"

"bluebird@^3.7.2":
  "integrity" "sha512-XpNj6GDQzdfW+r2Wnn7xiSAd7TM3jzkxGXBGTtWKuSXv1xUV+azxAm8jdWZN06QTQk+2N2XB9jRDkvbmQmcRtg=="
  "resolved" "https://registry.yarnpkg.com/bluebird/-/bluebird-3.7.2.tgz"
  "version" "3.7.2"

"brace-expansion@^1.1.7":
  "integrity" "sha512-iCuPHDFgrHX7H2vEI/5xpz07zSHB00TpugqhmYtVmMO6518mCuRMoOYFldEBl0g187ufozdaHgWKcYFb61qGiA=="
  "resolved" "https://registry.yarnpkg.com/brace-expansion/-/brace-expansion-1.1.11.tgz"
  "version" "1.1.11"
  dependencies:
    "balanced-match" "^1.0.0"
    "concat-map" "0.0.1"

"browser-stdout@1.3.0":
  "integrity" "sha1-81HTKWnTL6XXpVZxVCY9korjvR8="
  "resolved" "https://registry.yarnpkg.com/browser-stdout/-/browser-stdout-1.3.0.tgz"
  "version" "1.3.0"

"chai@~3.5.0":
  "integrity" "sha1-TQJjewZ/6Vi9v906QOxW/vc3Mkc="
  "resolved" "https://registry.yarnpkg.com/chai/-/chai-3.5.0.tgz"
  "version" "3.5.0"
  dependencies:
    "assertion-error" "^1.0.1"
    "deep-eql" "^0.1.3"
    "type-detect" "^1.0.0"

"commander@2.9.0":
  "integrity" "sha1-nJkJQXbhIkDLItbFFGCYQA/g99Q="
  "resolved" "https://registry.yarnpkg.com/commander/-/commander-2.9.0.tgz"
  "version" "2.9.0"
  dependencies:
    "graceful-readlink" ">= 1.0.0"

"concat-map@0.0.1":
  "integrity" "sha1-2Klr13/Wjfd5OnMDajug1UBdR3s="
  "resolved" "https://registry.yarnpkg.com/concat-map/-/concat-map-0.0.1.tgz"
  "version" "0.0.1"

"csv-stringify@^5.6.1":
  "integrity" "sha512-JlQlNZMiuRGSFbLXFNGoBtsORXlkqf4Dfq8Ee0Jo4RVJj3YAUzevagUx24mDrQJLDF7aYz6Ne8kqA8WWBaYt2A=="
  "resolved" "https://registry.yarnpkg.com/csv-stringify/-/csv-stringify-5.6.1.tgz"
  "version" "5.6.1"

"debug@2.2.0":
  "integrity" "sha1-+HBX6ZWxofauaklgZkE3vFbwOdo="
  "resolved" "https://registry.yarnpkg.com/debug/-/debug-2.2.0.tgz"
  "version" "2.2.0"
  dependencies:
    "ms" "0.7.1"

"deep-eql@^0.1.3":
  "integrity" "sha1-71WKyrjeJSBs1xOQbXTlaTDrafI="
  "resolved" "https://registry.yarnpkg.com/deep-eql/-/deep-eql-0.1.3.tgz"
  "version" "0.1.3"
  dependencies:
    "type-detect" "0.1.1"

"diff@1.4.0":
  "integrity" "sha1-fyjS657nsVqX79ic5j3P2qPMur8="
  "resolved" "https://registry.yarnpkg.com/diff/-/diff-1.4.0.tgz"
  "version" "1.4.0"

"dotenv@^8.2.0":
  "integrity" "sha512-8sJ78ElpbDJBHNeBzUbUVLsqKdccaa/BXF1uPTw3GrvQTBgrQrtObr2mUrE38vzYd8cEv+m/JBfDLioYcfXoaw=="
  "resolved" "https://registry.yarnpkg.com/dotenv/-/dotenv-8.2.0.tgz"
  "version" "8.2.0"

"escape-string-regexp@1.0.5":
  "integrity" "sha1-G2HAViGQqN/2rjuyzwIAyhMLhtQ="
  "resolved" "https://registry.yarnpkg.com/escape-string-regexp/-/escape-string-regexp-1.0.5.tgz"
  "version" "1.0.5"

"fs.realpath@^1.0.0":
  "integrity" "sha1-FQStJSMVjKpA20onh8sBQRmU6k8="
  "resolved" "https://registry.yarnpkg.com/fs.realpath/-/fs.realpath-1.0.0.tgz"
  "version" "1.0.0"

"glob@7.0.5":
  "integrity" "sha1-tCAqaQmbu00pKnwblbZoK2fr3JU="
  "resolved" "https://registry.yarnpkg.com/glob/-/glob-7.0.5.tgz"
  "version" "7.0.5"
  dependencies:
    "fs.realpath" "^1.0.0"
    "inflight" "^1.0.4"
    "inherits" "2"
    "minimatch" "^3.0.2"
    "once" "^1.3.0"
    "path-is-absolute" "^1.0.0"

"graceful-readlink@>= 1.0.0":
  "integrity" "sha1-TK+tdrxi8C+gObL5Tpo906ORpyU="
  "resolved" "https://registry.yarnpkg.com/graceful-readlink/-/graceful-readlink-1.0.1.tgz"
  "version" "1.0.1"

"growl@1.9.2":
  "integrity" "sha1-Dqd0NxXbjY3ixe3hd14bRayFwC8="
  "resolved" "https://registry.yarnpkg.com/growl/-/growl-1.9.2.tgz"
  "version" "1.9.2"

"has-flag@^1.0.0":
  "integrity" "sha1-nZ55MWXOAXoA8AQYxD+UKnsdEfo="
  "resolved" "https://registry.yarnpkg.com/has-flag/-/has-flag-1.0.0.tgz"
  "version" "1.0.0"

"iconv-lite@0.2.11":
  "integrity" "sha1-HOYKOleGSiktEyH/RgnKS7llrcg="
  "resolved" "https://registry.yarnpkg.com/iconv-lite/-/iconv-lite-0.2.11.tgz"
  "version" "0.2.11"

"inflight@^1.0.4":
  "integrity" "sha1-Sb1jMdfQLQwJvJEKEHW6gWW1bfk="
  "resolved" "https://registry.yarnpkg.com/inflight/-/inflight-1.0.6.tgz"
  "version" "1.0.6"
  dependencies:
    "once" "^1.3.0"
    "wrappy" "1"

"inherits@2":
  "integrity" "sha512-k/vGaX4/Yla3WzyMCvTQOXYeIHvqOKtnqBduzTHpzpQZzAskKMhZ2K+EnBiSM9zGSoIFeMpXKxa4dYeZIQqewQ=="
  "resolved" "https://registry.yarnpkg.com/inherits/-/inherits-2.0.4.tgz"
  "version" "2.0.4"

"json3@3.3.2":
  "integrity" "sha1-PAQ0dD35Pi9cQq7nsZvLSDV19OE="
  "resolved" "https://registry.yarnpkg.com/json3/-/json3-3.3.2.tgz"
  "version" "3.3.2"

"lodash._baseassign@^3.0.0":
  "integrity" "sha1-jDigmVAPIVrQnlnxci/QxSv+Ck4="
  "resolved" "https://registry.yarnpkg.com/lodash._baseassign/-/lodash._baseassign-3.2.0.tgz"
  "version" "3.2.0"
  dependencies:
    "lodash._basecopy" "^3.0.0"
    "lodash.keys" "^3.0.0"

"lodash._basecopy@^3.0.0":
  "integrity" "sha1-jaDmqHbPNEwK2KVIghEd08XHyjY="
  "resolved" "https://registry.yarnpkg.com/lodash._basecopy/-/lodash._basecopy-3.0.1.tgz"
  "version" "3.0.1"

"lodash._basecreate@^3.0.0":
  "integrity" "sha1-G8ZhYU2qf8MRt9A78WgGoCE8+CE="
  "resolved" "https://registry.yarnpkg.com/lodash._basecreate/-/lodash._basecreate-3.0.3.tgz"
  "version" "3.0.3"

"lodash._getnative@^3.0.0":
  "integrity" "sha1-VwvH3t5G1hzc3mh9ZdPuy6o6r/U="
  "resolved" "https://registry.yarnpkg.com/lodash._getnative/-/lodash._getnative-3.9.1.tgz"
  "version" "3.9.1"

"lodash._isiterateecall@^3.0.0":
  "integrity" "sha1-UgOte6Ql+uhCRg5pbbnPPmqsBXw="
  "resolved" "https://registry.yarnpkg.com/lodash._isiterateecall/-/lodash._isiterateecall-3.0.9.tgz"
  "version" "3.0.9"

"lodash.create@3.1.1":
  "integrity" "sha1-1/KEnw29p+BGgruM1yqwIkYd6+c="
  "resolved" "https://registry.yarnpkg.com/lodash.create/-/lodash.create-3.1.1.tgz"
  "version" "3.1.1"
  dependencies:
    "lodash._baseassign" "^3.0.0"
    "lodash._basecreate" "^3.0.0"
    "lodash._isiterateecall" "^3.0.0"

"lodash.isarguments@^3.0.0":
  "integrity" "sha1-L1c9hcaiQon/AGY7SRwdM4/zRYo="
  "resolved" "https://registry.yarnpkg.com/lodash.isarguments/-/lodash.isarguments-3.1.0.tgz"
  "version" "3.1.0"

"lodash.isarray@^3.0.0":
  "integrity" "sha1-eeTriMNqgSKvhvhEqpvNhRtfu1U="
  "resolved" "https://registry.yarnpkg.com/lodash.isarray/-/lodash.isarray-3.0.4.tgz"
  "version" "3.0.4"

"lodash.keys@^3.0.0":
  "integrity" "sha1-TbwEcrFWvlCgsoaFXRvQsMZWCYo="
  "resolved" "https://registry.yarnpkg.com/lodash.keys/-/lodash.keys-3.1.2.tgz"
  "version" "3.1.2"
  dependencies:
    "lodash._getnative" "^3.0.0"
    "lodash.isarguments" "^3.0.0"
    "lodash.isarray" "^3.0.0"

"lodash@^4.17.20":
  "integrity" "sha512-PlhdFcillOINfeV7Ni6oF1TAEayyZBoZ8bcshTHqOYJYlrqzRK5hagpagky5o4HfCzzd1TRkXPMFq6cKk9rGmA=="
  "resolved" "https://registry.yarnpkg.com/lodash/-/lodash-4.17.20.tgz"
  "version" "4.17.20"

"minimatch@^3.0.2":
  "integrity" "sha512-yJHVQEhyqPLUTgt9B83PXu6W3rx4MvvHvSUvToogpwoGDOUQ+yDrR0HRot+yOCdCO7u4hX3pWft6kWBBcqh0UA=="
  "resolved" "https://registry.yarnpkg.com/minimatch/-/minimatch-3.0.4.tgz"
  "version" "3.0.4"
  dependencies:
    "brace-expansion" "^1.1.7"

"minimist@0.0.8":
  "integrity" "sha1-hX/Kv8M5fSYluCKCYuhqp6ARsF0="
  "resolved" "https://registry.yarnpkg.com/minimist/-/minimist-0.0.8.tgz"
  "version" "0.0.8"

"mkdirp@0.5.1":
  "integrity" "sha1-MAV0OOrGz3+MR2fzhkjWaX11yQM="
  "resolved" "https://registry.yarnpkg.com/mkdirp/-/mkdirp-0.5.1.tgz"
  "version" "0.5.1"
  dependencies:
    "minimist" "0.0.8"

"mocha@~3.1.2":
  "integrity" "sha1-Ufk7Qyv34bF1/8Iog8zQvjLbprU="
  "resolved" "https://registry.yarnpkg.com/mocha/-/mocha-3.1.2.tgz"
  "version" "3.1.2"
  dependencies:
    "browser-stdout" "1.3.0"
    "commander" "2.9.0"
    "debug" "2.2.0"
    "diff" "1.4.0"
    "escape-string-regexp" "1.0.5"
    "glob" "7.0.5"
    "growl" "1.9.2"
    "json3" "3.3.2"
    "lodash.create" "3.1.1"
    "mkdirp" "0.5.1"
    "supports-color" "3.1.2"

"ms@0.7.1":
  "integrity" "sha1-nNE8A62/8ltl7/3nzoZO6VIBcJg="
  "resolved" "https://registry.yarnpkg.com/ms/-/ms-0.7.1.tgz"
  "version" "0.7.1"

"once@^1.3.0":
  "integrity" "sha1-WDsap3WWHUsROsF9nFC6753Xa9E="
  "resolved" "https://registry.yarnpkg.com/once/-/once-1.4.0.tgz"
  "version" "1.4.0"
  dependencies:
    "wrappy" "1"

"path-is-absolute@^1.0.0":
  "integrity" "sha1-F0uSaHNVNP+8es5r9TpanhtcX18="
  "resolved" "https://registry.yarnpkg.com/path-is-absolute/-/path-is-absolute-1.0.1.tgz"
  "version" "1.0.1"

"qs@1.2.0":
  "integrity" "sha1-7Qeb4oaCFH5v2aNMwrDB4OxkU+4="
  "resolved" "https://registry.yarnpkg.com/qs/-/qs-1.2.0.tgz"
  "version" "1.2.0"

"restler@^3.4.0":
  "integrity" "sha1-dB7As9FrlJ/uooE9DDxoUp6IjZs="
  "resolved" "https://registry.yarnpkg.com/restler/-/restler-3.4.0.tgz"
  "version" "3.4.0"
  dependencies:
    "iconv-lite" "0.2.11"
    "qs" "1.2.0"
    "xml2js" "0.4.0"
    "yaml" "0.2.3"

"sax@0.5.x":
  "integrity" "sha1-1HLbIo6zMcJQaw6MFVJK25OdEsE="
  "resolved" "https://registry.yarnpkg.com/sax/-/sax-0.5.8.tgz"
  "version" "0.5.8"

"supports-color@3.1.2":
  "integrity" "sha1-cqJiiU2dQIuVbKBf83su2KbiotU="
  "resolved" "https://registry.yarnpkg.com/supports-color/-/supports-color-3.1.2.tgz"
  "version" "3.1.2"
  dependencies:
    "has-flag" "^1.0.0"

"type-detect@^1.0.0":
  "integrity" "sha1-diIXzAbbJY7EiQihKY6LlRIejqI="
  "resolved" "https://registry.yarnpkg.com/type-detect/-/type-detect-1.0.0.tgz"
  "version" "1.0.0"

"type-detect@0.1.1":
  "integrity" "sha1-C6XsKohWQORw6k6FBZcZANrFiCI="
  "resolved" "https://registry.yarnpkg.com/type-detect/-/type-detect-0.1.1.tgz"
  "version" "0.1.1"

"wrappy@1":
  "integrity" "sha1-tSQ9jz7BqjXxNkYFvA0QNuMKtp8="
  "resolved" "https://registry.yarnpkg.com/wrappy/-/wrappy-1.0.2.tgz"
  "version" "1.0.2"

"xml2js@0.4.0":
  "integrity" "sha1-Ek/EEUtBKcgQgA7LKshs8lRiy5o="
  "resolved" "https://registry.yarnpkg.com/xml2js/-/xml2js-0.4.0.tgz"
  "version" "0.4.0"
  dependencies:
    "sax" "0.5.x"
    "xmlbuilder" ">=0.4.2"

"xmlbuilder@>=0.4.2":
  "integrity" "sha512-yMqGBqtXyeN1e3TGYvgNgDVZ3j84W4cwkOXQswghol6APgZWaff9lnbvN7MHYJOiXsvGPXtjTYJEiC9J2wv9Eg=="
  "resolved" "https://registry.yarnpkg.com/xmlbuilder/-/xmlbuilder-15.1.1.tgz"
  "version" "15.1.1"

"yaml@0.2.3":
  "integrity" "sha1-tUUOkudu82td0k42YAkeuu7z5cc="
  "resolved" "https://registry.yarnpkg.com/yaml/-/yaml-0.2.3.tgz"
  "version" "0.2.3"
